
Microsoft Visual Studio Solution File, Format Version 12.00
# Visual Studio 2012
Project("{FAE04EC0-301F-11D3-BF4B-00C04F79EFBC}") = "solve", "solve.csproj", "{0B588030-7D12-44A6-B314-5D8465E379CF}"
EndProject
Global
	GlobalSection(SolutionConfigurationPlatforms) = preSolution
		Debug|x86 = Debug|x86
		Release|x86 = Release|x86
	EndGlobalSection
	GlobalSection(ProjectConfigurationPlatforms) = postSolution
		{0B588030-7D12-44A6-B314-5D8465E379CF}.Debug|x86.ActiveCfg = Debug|x86
		{0B588030-7D12-44A6-B314-5D8465E379CF}.Debug|x86.Build.0 = Debug|x86
		{0B588030-7D12-44A6-B314-5D8465E379CF}.Release|x86.ActiveCfg = Release|x86
		{0B588030-7D12-44A6-B314-5D8465E379CF}.Release|x86.Build.0 = Release|x86
	EndGlobalSection
EndGlobal
